
Microsoft Visual Studio Solution File, Format Version 12.00
# Visual Studio Version 16
VisualStudioVersion = 16.0.29102.190
MinimumVisualStudioVersion = 10.0.40219.1
Project("{FAE04EC0-301F-11D3-BF4B-00C04F79EFBC}") = "SalesWebMvc", "SalesWebMvc.csproj", "{6455562E-C2BF-47DB-B562-BE2783ECF2FF}"
EndProject
Global
	GlobalSection(SolutionConfigurationPlatforms) = preSolution
		Debug|Any CPU = Debug|Any CPU
		Release|Any CPU = Release|Any CPU
	EndGlobalSection
	GlobalSection(ProjectConfigurationPlatforms) = postSolution
		{6455562E-C2BF-47DB-B562-BE2783ECF2FF}.Debug|Any CPU.ActiveCfg = Debug|Any CPU
		{6455562E-C2BF-47DB-B562-BE2783ECF2FF}.Debug|Any CPU.Build.0 = Debug|Any CPU
		{6455562E-C2BF-47DB-B562-BE2783ECF2FF}.Release|Any CPU.ActiveCfg = Release|Any CPU
		{6455562E-C2BF-47DB-B562-BE2783ECF2FF}.Release|Any CPU.Build.0 = Release|Any CPU
	EndGlobalSection
	GlobalSection(SolutionProperties) = preSolution
		HideSolutionNode = FALSE
	EndGlobalSection
	GlobalSection(ExtensibilityGlobals) = postSolution
		SolutionGuid = {4D5D755B-7B34-40E7-A09B-348354F8A06E}
	EndGlobalSection
EndGlobal
